// !$*UTF8*$!
{
	archiveVersion = 1;
	classes = {
	};
	objectVersion = 56;
	objects = {

/* Begin PBXBuildFile section */
		F425DF3B2967804800DD820F /* AppDelegate.swift in Sources */ = {isa = PBXBuildFile; fileRef = F425DF3A2967804800DD820F /* AppDelegate.swift */; };
		F425DF3D2967804800DD820F /* SceneDelegate.swift in Sources */ = {isa = PBXBuildFile; fileRef = F425DF3C2967804800DD820F /* SceneDelegate.swift */; };
		F425DF3F2967804800DD820F /* WeatherViewController.swift in Sources */ = {isa = PBXBuildFile; fileRef = F425DF3E2967804800DD820F /* WeatherViewController.swift */; };
		F425DF442967804900DD820F /* Assets.xcassets in Resources */ = {isa = PBXBuildFile; fileRef = F425DF432967804900DD820F /* Assets.xcassets */; };
		F425DF472967804900DD820F /* LaunchScreen.storyboard in Resources */ = {isa = PBXBuildFile; fileRef = F425DF452967804900DD820F /* LaunchScreen.storyboard */; };
		F425DF5A296821E700DD820F /* API.swift in Sources */ = {isa = PBXBuildFile; fileRef = F425DF59296821E700DD820F /* API.swift */; };
		F425DF5C296822B700DD820F /* WeatherModel.swift in Sources */ = {isa = PBXBuildFile; fileRef = F425DF5B296822B700DD820F /* WeatherModel.swift */; };
		F425DF602968237400DD820F /* NetworkService.swift in Sources */ = {isa = PBXBuildFile; fileRef = F425DF5F2968237400DD820F /* NetworkService.swift */; };
		F425DF632968242600DD820F /* Extension + String.swift in Sources */ = {isa = PBXBuildFile; fileRef = F425DF622968242600DD820F /* Extension + String.swift */; };
		F425DF67296824FC00DD820F /* WeatherView.swift in Sources */ = {isa = PBXBuildFile; fileRef = F425DF66296824FC00DD820F /* WeatherView.swift */; };
		F425DF692968285500DD820F /* WeatherViewModel.swift in Sources */ = {isa = PBXBuildFile; fileRef = F425DF682968285500DD820F /* WeatherViewModel.swift */; };
		F425DF6E2968B2D200DD820F /* HourlyCollectionView.swift in Sources */ = {isa = PBXBuildFile; fileRef = F425DF6D2968B2D200DD820F /* HourlyCollectionView.swift */; };
		F425DF702968B2DF00DD820F /* HourlyCollectionViewCell.swift in Sources */ = {isa = PBXBuildFile; fileRef = F425DF6F2968B2DF00DD820F /* HourlyCollectionViewCell.swift */; };
		F425DF722968B75000DD820F /* WeatherPresenter.swift in Sources */ = {isa = PBXBuildFile; fileRef = F425DF712968B75000DD820F /* WeatherPresenter.swift */; };
		F425DF772968BCB000DD820F /* DailyTableView.swift in Sources */ = {isa = PBXBuildFile; fileRef = F425DF762968BCB000DD820F /* DailyTableView.swift */; };
		F425DF792968BCBA00DD820F /* DailyTableViewCell.swift in Sources */ = {isa = PBXBuildFile; fileRef = F425DF782968BCBA00DD820F /* DailyTableViewCell.swift */; };
		F425DF832969E0F900DD820F /* MapViewController.swift in Sources */ = {isa = PBXBuildFile; fileRef = F425DF822969E0F900DD820F /* MapViewController.swift */; };
		F425DF8D296ADAC000DD820F /* LocationSearchTableViewController.swift in Sources */ = {isa = PBXBuildFile; fileRef = F425DF8C296ADAC000DD820F /* LocationSearchTableViewController.swift */; };
		F425DF8F296B021900DD820F /* LocationService.swift in Sources */ = {isa = PBXBuildFile; fileRef = F425DF8E296B021900DD820F /* LocationService.swift */; };
		F425DF91296B27D000DD820F /* AppStyle.swift in Sources */ = {isa = PBXBuildFile; fileRef = F425DF90296B27D000DD820F /* AppStyle.swift */; };
/* End PBXBuildFile section */

/* Begin PBXFileReference section */
		F425DF372967804800DD820F /* OpenWeatherApp.app */ = {isa = PBXFileReference; explicitFileType = wrapper.application; includeInIndex = 0; path = OpenWeatherApp.app; sourceTree = BUILT_PRODUCTS_DIR; };
		F425DF3A2967804800DD820F /* AppDelegate.swift */ = {isa = PBXFileReference; lastKnownFileType = sourcecode.swift; path = AppDelegate.swift; sourceTree = "<group>"; };
		F425DF3C2967804800DD820F /* SceneDelegate.swift */ = {isa = PBXFileReference; lastKnownFileType = sourcecode.swift; path = SceneDelegate.swift; sourceTree = "<group>"; };
		F425DF3E2967804800DD820F /* WeatherViewController.swift */ = {isa = PBXFileReference; lastKnownFileType = sourcecode.swift; path = WeatherViewController.swift; sourceTree = "<group>"; };
		F425DF432967804900DD820F /* Assets.xcassets */ = {isa = PBXFileReference; lastKnownFileType = folder.assetcatalog; path = Assets.xcassets; sourceTree = "<group>"; };
		F425DF462967804900DD820F /* Base */ = {isa = PBXFileReference; lastKnownFileType = file.storyboard; name = Base; path = Base.lproj/LaunchScreen.storyboard; sourceTree = "<group>"; };
		F425DF482967804900DD820F /* Info.plist */ = {isa = PBXFileReference; lastKnownFileType = text.plist.xml; path = Info.plist; sourceTree = "<group>"; };
		F425DF59296821E700DD820F /* API.swift */ = {isa = PBXFileReference; lastKnownFileType = sourcecode.swift; path = API.swift; sourceTree = "<group>"; };
		F425DF5B296822B700DD820F /* WeatherModel.swift */ = {isa = PBXFileReference; lastKnownFileType = sourcecode.swift; name = WeatherModel.swift; path = Models/WeatherModel.swift; sourceTree = "<group>"; };
		F425DF5F2968237400DD820F /* NetworkService.swift */ = {isa = PBXFileReference; lastKnownFileType = sourcecode.swift; name = NetworkService.swift; path = Services/NetworkService.swift; sourceTree = "<group>"; };
		F425DF622968242600DD820F /* Extension + String.swift */ = {isa = PBXFileReference; lastKnownFileType = sourcecode.swift; path = "Extension + String.swift"; sourceTree = "<group>"; };
		F425DF66296824FC00DD820F /* WeatherView.swift */ = {isa = PBXFileReference; lastKnownFileType = sourcecode.swift; name = WeatherView.swift; path = ViewControllers/Views/WeatherView.swift; sourceTree = "<group>"; };
		F425DF682968285500DD820F /* WeatherViewModel.swift */ = {isa = PBXFileReference; lastKnownFileType = sourcecode.swift; path = WeatherViewModel.swift; sourceTree = "<group>"; };
		F425DF6D2968B2D200DD820F /* HourlyCollectionView.swift */ = {isa = PBXFileReference; lastKnownFileType = sourcecode.swift; path = HourlyCollectionView.swift; sourceTree = "<group>"; };
		F425DF6F2968B2DF00DD820F /* HourlyCollectionViewCell.swift */ = {isa = PBXFileReference; lastKnownFileType = sourcecode.swift; path = HourlyCollectionViewCell.swift; sourceTree = "<group>"; };
		F425DF712968B75000DD820F /* WeatherPresenter.swift */ = {isa = PBXFileReference; lastKnownFileType = sourcecode.swift; path = WeatherPresenter.swift; sourceTree = "<group>"; };
		F425DF762968BCB000DD820F /* DailyTableView.swift */ = {isa = PBXFileReference; lastKnownFileType = sourcecode.swift; name = DailyTableView.swift; path = ViewControllers/Views/DailyView/DailyTableView.swift; sourceTree = "<group>"; };
		F425DF782968BCBA00DD820F /* DailyTableViewCell.swift */ = {isa = PBXFileReference; lastKnownFileType = sourcecode.swift; name = DailyTableViewCell.swift; path = ViewControllers/Views/DailyView/DailyTableViewCell.swift; sourceTree = "<group>"; };
		F425DF822969E0F900DD820F /* MapViewController.swift */ = {isa = PBXFileReference; lastKnownFileType = sourcecode.swift; path = MapViewController.swift; sourceTree = "<group>"; };
		F425DF8C296ADAC000DD820F /* LocationSearchTableViewController.swift */ = {isa = PBXFileReference; lastKnownFileType = sourcecode.swift; path = LocationSearchTableViewController.swift; sourceTree = "<group>"; };
		F425DF8E296B021900DD820F /* LocationService.swift */ = {isa = PBXFileReference; lastKnownFileType = sourcecode.swift; name = LocationService.swift; path = Services/LocationService.swift; sourceTree = "<group>"; };
		F425DF90296B27D000DD820F /* AppStyle.swift */ = {isa = PBXFileReference; lastKnownFileType = sourcecode.swift; path = AppStyle.swift; sourceTree = "<group>"; };
/* End PBXFileReference section */

/* Begin PBXFrameworksBuildPhase section */
		F425DF342967804800DD820F /* Frameworks */ = {
			isa = PBXFrameworksBuildPhase;
			buildActionMask = 2147483647;
			files = (
			);
			runOnlyForDeploymentPostprocessing = 0;
		};
/* End PBXFrameworksBuildPhase section */

/* Begin PBXGroup section */
		F425DF2E2967804800DD820F = {
			isa = PBXGroup;
			children = (
				F425DF392967804800DD820F /* OpenWeatherApp */,
				F425DF382967804800DD820F /* Products */,
			);
			sourceTree = "<group>";
		};
		F425DF382967804800DD820F /* Products */ = {
			isa = PBXGroup;
			children = (
				F425DF372967804800DD820F /* OpenWeatherApp.app */,
			);
			name = Products;
			sourceTree = "<group>";
		};
		F425DF392967804800DD820F /* OpenWeatherApp */ = {
			isa = PBXGroup;
			children = (
				F425DF89296A37A100DD820F /* ViewControllers */,
				F425DF552968217800DD820F /* API */,
				F425DF84296A209E00DD820F /* App */,
				F425DF612968240800DD820F /* Helpers */,
				F425DF582968219500DD820F /* Services */,
				F425DF542968216F00DD820F /* Models */,
				F425DF572968218800DD820F /* ViewModels */,
				F425DF432967804900DD820F /* Assets.xcassets */,
				F425DF452967804900DD820F /* LaunchScreen.storyboard */,
				F425DF482967804900DD820F /* Info.plist */,
			);
			path = OpenWeatherApp;
			sourceTree = "<group>";
		};
		F425DF542968216F00DD820F /* Models */ = {
			isa = PBXGroup;
			children = (
				F425DF5B296822B700DD820F /* WeatherModel.swift */,
			);
			name = Models;
			sourceTree = "<group>";
		};
		F425DF552968217800DD820F /* API */ = {
			isa = PBXGroup;
			children = (
				F425DF59296821E700DD820F /* API.swift */,
			);
			path = API;
			sourceTree = "<group>";
		};
		F425DF572968218800DD820F /* ViewModels */ = {
			isa = PBXGroup;
			children = (
				F425DF682968285500DD820F /* WeatherViewModel.swift */,
				F425DF712968B75000DD820F /* WeatherPresenter.swift */,
			);
			path = ViewModels;
			sourceTree = "<group>";
		};
		F425DF582968219500DD820F /* Services */ = {
			isa = PBXGroup;
			children = (
				F425DF8E296B021900DD820F /* LocationService.swift */,
				F425DF5F2968237400DD820F /* NetworkService.swift */,
			);
			name = Services;
			sourceTree = "<group>";
		};
		F425DF5D2968231500DD820F /* Views */ = {
			isa = PBXGroup;
			children = (
				F425DF752968BC9500DD820F /* DailyView */,
				F425DF6C2968B2B000DD820F /* HourlyView */,
				F425DF66296824FC00DD820F /* WeatherView.swift */,
			);
			name = Views;
			path = ..;
			sourceTree = "<group>";
		};
		F425DF612968240800DD820F /* Helpers */ = {
			isa = PBXGroup;
			children = (
				F425DF622968242600DD820F /* Extension + String.swift */,
				F425DF90296B27D000DD820F /* AppStyle.swift */,
			);
			path = Helpers;
			sourceTree = "<group>";
		};
		F425DF6C2968B2B000DD820F /* HourlyView */ = {
			isa = PBXGroup;
			children = (
				F425DF6D2968B2D200DD820F /* HourlyCollectionView.swift */,
				F425DF6F2968B2DF00DD820F /* HourlyCollectionViewCell.swift */,
			);
			name = HourlyView;
			path = ViewControllers/Views/HourlyView;
			sourceTree = "<group>";
		};
		F425DF752968BC9500DD820F /* DailyView */ = {
			isa = PBXGroup;
			children = (
				F425DF762968BCB000DD820F /* DailyTableView.swift */,
				F425DF782968BCBA00DD820F /* DailyTableViewCell.swift */,
			);
			name = DailyView;
			sourceTree = "<group>";
		};
		F425DF84296A209E00DD820F /* App */ = {
			isa = PBXGroup;
			children = (
				F425DF3A2967804800DD820F /* AppDelegate.swift */,
				F425DF3C2967804800DD820F /* SceneDelegate.swift */,
			);
			path = App;
			sourceTree = "<group>";
		};
		F425DF89296A37A100DD820F /* ViewControllers */ = {
			isa = PBXGroup;
			children = (
				F425DF5D2968231500DD820F /* Views */,
				F425DF3E2967804800DD820F /* WeatherViewController.swift */,
				F425DF822969E0F900DD820F /* MapViewController.swift */,
				F425DF8C296ADAC000DD820F /* LocationSearchTableViewController.swift */,
			);
			path = ViewControllers;
			sourceTree = "<group>";
		};
/* End PBXGroup section */

/* Begin PBXNativeTarget section */
		F425DF362967804800DD820F /* OpenWeatherApp */ = {
			isa = PBXNativeTarget;
			buildConfigurationList = F425DF4B2967804900DD820F /* Build configuration list for PBXNativeTarget "OpenWeatherApp" */;
			buildPhases = (
				F425DF332967804800DD820F /* Sources */,
				F425DF342967804800DD820F /* Frameworks */,
				F425DF352967804800DD820F /* Resources */,
			);
			buildRules = (
			);
			dependencies = (
			);
			name = OpenWeatherApp;
			productName = OpenWeatherApp;
			productReference = F425DF372967804800DD820F /* OpenWeatherApp.app */;
			productType = "com.apple.product-type.application";
		};
/* End PBXNativeTarget section */

/* Begin PBXProject section */
		F425DF2F2967804800DD820F /* Project object */ = {
			isa = PBXProject;
			attributes = {
				BuildIndependentTargetsInParallel = 1;
				LastSwiftUpdateCheck = 1420;
				LastUpgradeCheck = 1420;
				TargetAttributes = {
					F425DF362967804800DD820F = {
						CreatedOnToolsVersion = 14.2;
					};
				};
			};
			buildConfigurationList = F425DF322967804800DD820F /* Build configuration list for PBXProject "OpenWeatherApp" */;
			compatibilityVersion = "Xcode 14.0";
			developmentRegion = en;
			hasScannedForEncodings = 0;
			knownRegions = (
				en,
				Base,
			);
			mainGroup = F425DF2E2967804800DD820F;
			productRefGroup = F425DF382967804800DD820F /* Products */;
			projectDirPath = "";
			projectRoot = "";
			targets = (
				F425DF362967804800DD820F /* OpenWeatherApp */,
			);
		};
/* End PBXProject section */

/* Begin PBXResourcesBuildPhase section */
		F425DF352967804800DD820F /* Resources */ = {
			isa = PBXResourcesBuildPhase;
			buildActionMask = 2147483647;
			files = (
				F425DF472967804900DD820F /* LaunchScreen.storyboard in Resources */,
				F425DF442967804900DD820F /* Assets.xcassets in Resources */,
			);
			runOnlyForDeploymentPostprocessing = 0;
		};
/* End PBXResourcesBuildPhase section */

/* Begin PBXSourcesBuildPhase section */
		F425DF332967804800DD820F /* Sources */ = {
			isa = PBXSourcesBuildPhase;
			buildActionMask = 2147483647;
			files = (
				F425DF3F2967804800DD820F /* WeatherViewController.swift in Sources */,
				F425DF632968242600DD820F /* Extension + String.swift in Sources */,
				F425DF702968B2DF00DD820F /* HourlyCollectionViewCell.swift in Sources */,
				F425DF8D296ADAC000DD820F /* LocationSearchTableViewController.swift in Sources */,
				F425DF792968BCBA00DD820F /* DailyTableViewCell.swift in Sources */,
				F425DF8F296B021900DD820F /* LocationService.swift in Sources */,
				F425DF3B2967804800DD820F /* AppDelegate.swift in Sources */,
				F425DF772968BCB000DD820F /* DailyTableView.swift in Sources */,
				F425DF6E2968B2D200DD820F /* HourlyCollectionView.swift in Sources */,
				F425DF5A296821E700DD820F /* API.swift in Sources */,
				F425DF692968285500DD820F /* WeatherViewModel.swift in Sources */,
				F425DF722968B75000DD820F /* WeatherPresenter.swift in Sources */,
				F425DF832969E0F900DD820F /* MapViewController.swift in Sources */,
				F425DF3D2967804800DD820F /* SceneDelegate.swift in Sources */,
				F425DF67296824FC00DD820F /* WeatherView.swift in Sources */,
				F425DF91296B27D000DD820F /* AppStyle.swift in Sources */,
				F425DF602968237400DD820F /* NetworkService.swift in Sources */,
				F425DF5C296822B700DD820F /* WeatherModel.swift in Sources */,
			);
			runOnlyForDeploymentPostprocessing = 0;
		};
/* End PBXSourcesBuildPhase section */

/* Begin PBXVariantGroup section */
		F425DF452967804900DD820F /* LaunchScreen.storyboard */ = {
			isa = PBXVariantGroup;
			children = (
				F425DF462967804900DD820F /* Base */,
			);
			name = LaunchScreen.storyboard;
			sourceTree = "<group>";
		};
/* End PBXVariantGroup section */

/* Begin XCBuildConfiguration section */
		F425DF492967804900DD820F /* Debug */ = {
			isa = XCBuildConfiguration;
			buildSettings = {
				ALWAYS_SEARCH_USER_PATHS = NO;
				CLANG_ANALYZER_NONNULL = YES;
				CLANG_ANALYZER_NUMBER_OBJECT_CONVERSION = YES_AGGRESSIVE;
				CLANG_CXX_LANGUAGE_STANDARD = "gnu++20";
				CLANG_ENABLE_MODULES = YES;
				CLANG_ENABLE_OBJC_ARC = YES;
				CLANG_ENABLE_OBJC_WEAK = YES;
				CLANG_WARN_BLOCK_CAPTURE_AUTORELEASING = YES;
				CLANG_WARN_BOOL_CONVERSION = YES;
				CLANG_WARN_COMMA = YES;
				CLANG_WARN_CONSTANT_CONVERSION = YES;
				CLANG_WARN_DEPRECATED_OBJC_IMPLEMENTATIONS = YES;
				CLANG_WARN_DIRECT_OBJC_ISA_USAGE = YES_ERROR;
				CLANG_WARN_DOCUMENTATION_COMMENTS = YES;
				CLANG_WARN_EMPTY_BODY = YES;
				CLANG_WARN_ENUM_CONVERSION = YES;
				CLANG_WARN_INFINITE_RECURSION = YES;
				CLANG_WARN_INT_CONVERSION = YES;
				CLANG_WARN_NON_LITERAL_NULL_CONVERSION = YES;
				CLANG_WARN_OBJC_IMPLICIT_RETAIN_SELF = YES;
				CLANG_WARN_OBJC_LITERAL_CONVERSION = YES;
				CLANG_WARN_OBJC_ROOT_CLASS = YES_ERROR;
				CLANG_WARN_QUOTED_INCLUDE_IN_FRAMEWORK_HEADER = YES;
				CLANG_WARN_RANGE_LOOP_ANALYSIS = YES;
				CLANG_WARN_STRICT_PROTOTYPES = YES;
				CLANG_WARN_SUSPICIOUS_MOVE = YES;
				CLANG_WARN_UNGUARDED_AVAILABILITY = YES_AGGRESSIVE;
				CLANG_WARN_UNREACHABLE_CODE = YES;
				CLANG_WARN__DUPLICATE_METHOD_MATCH = YES;
				COPY_PHASE_STRIP = NO;
				DEBUG_INFORMATION_FORMAT = dwarf;
				ENABLE_STRICT_OBJC_MSGSEND = YES;
				ENABLE_TESTABILITY = YES;
				GCC_C_LANGUAGE_STANDARD = gnu11;
				GCC_DYNAMIC_NO_PIC = NO;
				GCC_NO_COMMON_BLOCKS = YES;
				GCC_OPTIMIZATION_LEVEL = 0;
				GCC_PREPROCESSOR_DEFINITIONS = (
					"DEBUG=1",
					"$(inherited)",
				);
				GCC_WARN_64_TO_32_BIT_CONVERSION = YES;
				GCC_WARN_ABOUT_RETURN_TYPE = YES_ERROR;
				GCC_WARN_UNDECLARED_SELECTOR = YES;
				GCC_WARN_UNINITIALIZED_AUTOS = YES_AGGRESSIVE;
				GCC_WARN_UNUSED_FUNCTION = YES;
				GCC_WARN_UNUSED_VARIABLE = YES;
				IPHONEOS_DEPLOYMENT_TARGET = 16.2;
				MTL_ENABLE_DEBUG_INFO = INCLUDE_SOURCE;
				MTL_FAST_MATH = YES;
				ONLY_ACTIVE_ARCH = YES;
				SDKROOT = iphoneos;
				SWIFT_ACTIVE_COMPILATION_CONDITIONS = DEBUG;
				SWIFT_OPTIMIZATION_LEVEL = "-Onone";
			};
			name = Debug;
		};
		F425DF4A2967804900DD820F /* Release */ = {
			isa = XCBuildConfiguration;
			buildSettings = {
				ALWAYS_SEARCH_USER_PATHS = NO;
				CLANG_ANALYZER_NONNULL = YES;
				CLANG_ANALYZER_NUMBER_OBJECT_CONVERSION = YES_AGGRESSIVE;
				CLANG_CXX_LANGUAGE_STANDARD = "gnu++20";
				CLANG_ENABLE_MODULES = YES;
				CLANG_ENABLE_OBJC_ARC = YES;
				CLANG_ENABLE_OBJC_WEAK = YES;
				CLANG_WARN_BLOCK_CAPTURE_AUTORELEASING = YES;
				CLANG_WARN_BOOL_CONVERSION = YES;
				CLANG_WARN_COMMA = YES;
				CLANG_WARN_CONSTANT_CONVERSION = YES;
				CLANG_WARN_DEPRECATED_OBJC_IMPLEMENTATIONS = YES;
				CLANG_WARN_DIRECT_OBJC_ISA_USAGE = YES_ERROR;
				CLANG_WARN_DOCUMENTATION_COMMENTS = YES;
				CLANG_WARN_EMPTY_BODY = YES;
				CLANG_WARN_ENUM_CONVERSION = YES;
				CLANG_WARN_INFINITE_RECURSION = YES;
				CLANG_WARN_INT_CONVERSION = YES;
				CLANG_WARN_NON_LITERAL_NULL_CONVERSION = YES;
				CLANG_WARN_OBJC_IMPLICIT_RETAIN_SELF = YES;
				CLANG_WARN_OBJC_LITERAL_CONVERSION = YES;
				CLANG_WARN_OBJC_ROOT_CLASS = YES_ERROR;
				CLANG_WARN_QUOTED_INCLUDE_IN_FRAMEWORK_HEADER = YES;
				CLANG_WARN_RANGE_LOOP_ANALYSIS = YES;
				CLANG_WARN_STRICT_PROTOTYPES = YES;
				CLANG_WARN_SUSPICIOUS_MOVE = YES;
				CLANG_WARN_UNGUARDED_AVAILABILITY = YES_AGGRESSIVE;
				CLANG_WARN_UNREACHABLE_CODE = YES;
				CLANG_WARN__DUPLICATE_METHOD_MATCH = YES;
				COPY_PHASE_STRIP = NO;
				DEBUG_INFORMATION_FORMAT = "dwarf-with-dsym";
				ENABLE_NS_ASSERTIONS = NO;
				ENABLE_STRICT_OBJC_MSGSEND = YES;
				GCC_C_LANGUAGE_STANDARD = gnu11;
				GCC_NO_COMMON_BLOCKS = YES;
				GCC_WARN_64_TO_32_BIT_CONVERSION = YES;
				GCC_WARN_ABOUT_RETURN_TYPE = YES_ERROR;
				GCC_WARN_UNDECLARED_SELECTOR = YES;
				GCC_WARN_UNINITIALIZED_AUTOS = YES_AGGRESSIVE;
				GCC_WARN_UNUSED_FUNCTION = YES;
				GCC_WARN_UNUSED_VARIABLE = YES;
				IPHONEOS_DEPLOYMENT_TARGET = 16.2;
				MTL_ENABLE_DEBUG_INFO = NO;
				MTL_FAST_MATH = YES;
				SDKROOT = iphoneos;
				SWIFT_COMPILATION_MODE = wholemodule;
				SWIFT_OPTIMIZATION_LEVEL = "-O";
				VALIDATE_PRODUCT = YES;
			};
			name = Release;
		};
		F425DF4C2967804900DD820F /* Debug */ = {
			isa = XCBuildConfiguration;
			buildSettings = {
				ASSETCATALOG_COMPILER_APPICON_NAME = AppIcon;
				ASSETCATALOG_COMPILER_GLOBAL_ACCENT_COLOR_NAME = AccentColor;
				CODE_SIGN_STYLE = Automatic;
				CURRENT_PROJECT_VERSION = 1;
				DEVELOPMENT_TEAM = H3CSVY7FKZ;
				GENERATE_INFOPLIST_FILE = YES;
				INFOPLIST_FILE = OpenWeatherApp/Info.plist;
				INFOPLIST_KEY_CFBundleDisplayName = OpenWeatherApp;
				INFOPLIST_KEY_LSApplicationCategoryType = "public.app-category.weather";
				INFOPLIST_KEY_UIApplicationSupportsIndirectInputEvents = YES;
				INFOPLIST_KEY_UILaunchStoryboardName = LaunchScreen;
				INFOPLIST_KEY_UIMainStoryboardFile = "";
				INFOPLIST_KEY_UISupportedInterfaceOrientations = "UIInterfaceOrientationLandscapeLeft UIInterfaceOrientationLandscapeRight UIInterfaceOrientationPortrait UIInterfaceOrientationPortraitUpsideDown";
				IPHONEOS_DEPLOYMENT_TARGET = 13.0;
				LD_RUNPATH_SEARCH_PATHS = (
					"$(inherited)",
					"@executable_path/Frameworks",
				);
				MARKETING_VERSION = 1.0;
				PRODUCT_BUNDLE_IDENTIFIER = com.serhii.bets.OpenWeatherApp;
				PRODUCT_NAME = "$(TARGET_NAME)";
				SUPPORTED_PLATFORMS = "iphoneos iphonesimulator";
				SUPPORTS_MACCATALYST = NO;
				SUPPORTS_MAC_DESIGNED_FOR_IPHONE_IPAD = NO;
				SWIFT_EMIT_LOC_STRINGS = YES;
				SWIFT_VERSION = 5.0;
				TARGETED_DEVICE_FAMILY = 1;
			};
			name = Debug;
		};
		F425DF4D2967804900DD820F /* Release */ = {
			isa = XCBuildConfiguration;
			buildSettings = {
				ASSETCATALOG_COMPILER_APPICON_NAME = AppIcon;
				ASSETCATALOG_COMPILER_GLOBAL_ACCENT_COLOR_NAME = AccentColor;
				CODE_SIGN_STYLE = Automatic;
				CURRENT_PROJECT_VERSION = 1;
				DEVELOPMENT_TEAM = H3CSVY7FKZ;
				GENERATE_INFOPLIST_FILE = YES;
				INFOPLIST_FILE = OpenWeatherApp/Info.plist;
				INFOPLIST_KEY_CFBundleDisplayName = OpenWeatherApp;
				INFOPLIST_KEY_LSApplicationCategoryType = "public.app-category.weather";
				INFOPLIST_KEY_UIApplicationSupportsIndirectInputEvents = YES;
				INFOPLIST_KEY_UILaunchStoryboardName = LaunchScreen;
				INFOPLIST_KEY_UIMainStoryboardFile = "";
				INFOPLIST_KEY_UISupportedInterfaceOrientations = "UIInterfaceOrientationLandscapeLeft UIInterfaceOrientationLandscapeRight UIInterfaceOrientationPortrait UIInterfaceOrientationPortraitUpsideDown";
				IPHONEOS_DEPLOYMENT_TARGET = 13.0;
				LD_RUNPATH_SEARCH_PATHS = (
					"$(inherited)",
					"@executable_path/Frameworks",
				);
				MARKETING_VERSION = 1.0;
				PRODUCT_BUNDLE_IDENTIFIER = com.serhii.bets.OpenWeatherApp;
				PRODUCT_NAME = "$(TARGET_NAME)";
				SUPPORTED_PLATFORMS = "iphoneos iphonesimulator";
				SUPPORTS_MACCATALYST = NO;
				SUPPORTS_MAC_DESIGNED_FOR_IPHONE_IPAD = NO;
				SWIFT_EMIT_LOC_STRINGS = YES;
				SWIFT_VERSION = 5.0;
				TARGETED_DEVICE_FAMILY = 1;
			};
			name = Release;
		};
/* End XCBuildConfiguration section */

/* Begin XCConfigurationList section */
		F425DF322967804800DD820F /* Build configuration list for PBXProject "OpenWeatherApp" */ = {
			isa = XCConfigurationList;
			buildConfigurations = (
				F425DF492967804900DD820F /* Debug */,
				F425DF4A2967804900DD820F /* Release */,
			);
			defaultConfigurationIsVisible = 0;
			defaultConfigurationName = Release;
		};
		F425DF4B2967804900DD820F /* Build configuration list for PBXNativeTarget "OpenWeatherApp" */ = {
			isa = XCConfigurationList;
			buildConfigurations = (
				F425DF4C2967804900DD820F /* Debug */,
				F425DF4D2967804900DD820F /* Release */,
			);
			defaultConfigurationIsVisible = 0;
			defaultConfigurationName = Release;
		};
/* End XCConfigurationList section */
	};
	rootObject = F425DF2F2967804800DD820F /* Project object */;
}
